
Microsoft Visual Studio Solution File, Format Version 11.00
# Visual Studio 2010
Project("{FAE04EC0-301F-11D3-BF4B-00C04F79EFBC}") = "InterviewQuestionGenerator", "InterviewQuestionGenerator\InterviewQuestionGenerator.csproj", "{5CA321C6-0D13-4993-BBB4-E017F3B7526A}"
EndProject
Project("{FAE04EC0-301F-11D3-BF4B-00C04F79EFBC}") = "InterviewGeneratorFramework", "InterviewGeneratorFramework\InterviewGeneratorFramework.csproj", "{84546DDD-1F64-43C2-88A5-578B6A8C94C6}"
EndProject
Project("{FAE04EC0-301F-11D3-BF4B-00C04F79EFBC}") = "InterviewGeneratorTest", "InterviewGeneratorTest\InterviewGeneratorTest.csproj", "{AAD2A684-D53C-4EE6-874F-5B03C56C0F98}"
EndProject
Project("{2150E333-8FDC-42A3-9474-1A3956D46DE8}") = "Solution Items", "Solution Items", "{FE54FC19-FCEE-427F-8CB6-A4FC358F4917}"
	ProjectSection(SolutionItems) = preProject
		InterviewQuestionGenerator.vsmdi = InterviewQuestionGenerator.vsmdi
		Local.testsettings = Local.testsettings
		TraceAndTestImpact.testsettings = TraceAndTestImpact.testsettings
	EndProjectSection
EndProject
Global
	GlobalSection(TestCaseManagementSettings) = postSolution
		CategoryFile = InterviewQuestionGenerator.vsmdi
	EndGlobalSection
	GlobalSection(SolutionConfigurationPlatforms) = preSolution
		Debug|Any CPU = Debug|Any CPU
		Debug|Mixed Platforms = Debug|Mixed Platforms
		Debug|x86 = Debug|x86
		Release|Any CPU = Release|Any CPU
		Release|Mixed Platforms = Release|Mixed Platforms
		Release|x86 = Release|x86
	EndGlobalSection
	GlobalSection(ProjectConfigurationPlatforms) = postSolution
		{5CA321C6-0D13-4993-BBB4-E017F3B7526A}.Debug|Any CPU.ActiveCfg = Debug|x86
		{5CA321C6-0D13-4993-BBB4-E017F3B7526A}.Debug|Mixed Platforms.ActiveCfg = Debug|x86
		{5CA321C6-0D13-4993-BBB4-E017F3B7526A}.Debug|Mixed Platforms.Build.0 = Debug|x86
		{5CA321C6-0D13-4993-BBB4-E017F3B7526A}.Debug|x86.ActiveCfg = Debug|x86
		{5CA321C6-0D13-4993-BBB4-E017F3B7526A}.Debug|x86.Build.0 = Debug|x86
		{5CA321C6-0D13-4993-BBB4-E017F3B7526A}.Release|Any CPU.ActiveCfg = Release|x86
		{5CA321C6-0D13-4993-BBB4-E017F3B7526A}.Release|Mixed Platforms.ActiveCfg = Release|x86
		{5CA321C6-0D13-4993-BBB4-E017F3B7526A}.Release|Mixed Platforms.Build.0 = Release|x86
		{5CA321C6-0D13-4993-BBB4-E017F3B7526A}.Release|x86.ActiveCfg = Release|x86
		{5CA321C6-0D13-4993-BBB4-E017F3B7526A}.Release|x86.Build.0 = Release|x86
		{84546DDD-1F64-43C2-88A5-578B6A8C94C6}.Debug|Any CPU.ActiveCfg = Debug|Any CPU
		{84546DDD-1F64-43C2-88A5-578B6A8C94C6}.Debug|Any CPU.Build.0 = Debug|Any CPU
		{84546DDD-1F64-43C2-88A5-578B6A8C94C6}.Debug|Mixed Platforms.ActiveCfg = Debug|Any CPU
		{84546DDD-1F64-43C2-88A5-578B6A8C94C6}.Debug|Mixed Platforms.Build.0 = Debug|Any CPU
		{84546DDD-1F64-43C2-88A5-578B6A8C94C6}.Debug|x86.ActiveCfg = Debug|Any CPU
		{84546DDD-1F64-43C2-88A5-578B6A8C94C6}.Release|Any CPU.ActiveCfg = Release|Any CPU
		{84546DDD-1F64-43C2-88A5-578B6A8C94C6}.Release|Any CPU.Build.0 = Release|Any CPU
		{84546DDD-1F64-43C2-88A5-578B6A8C94C6}.Release|Mixed Platforms.ActiveCfg = Release|Any CPU
		{84546DDD-1F64-43C2-88A5-578B6A8C94C6}.Release|Mixed Platforms.Build.0 = Release|Any CPU
		{84546DDD-1F64-43C2-88A5-578B6A8C94C6}.Release|x86.ActiveCfg = Release|Any CPU
		{AAD2A684-D53C-4EE6-874F-5B03C56C0F98}.Debug|Any CPU.ActiveCfg = Debug|Any CPU
		{AAD2A684-D53C-4EE6-874F-5B03C56C0F98}.Debug|Any CPU.Build.0 = Debug|Any CPU
		{AAD2A684-D53C-4EE6-874F-5B03C56C0F98}.Debug|Mixed Platforms.ActiveCfg = Debug|Any CPU
		{AAD2A684-D53C-4EE6-874F-5B03C56C0F98}.Debug|Mixed Platforms.Build.0 = Debug|Any CPU
		{AAD2A684-D53C-4EE6-874F-5B03C56C0F98}.Debug|x86.ActiveCfg = Debug|Any CPU
		{AAD2A684-D53C-4EE6-874F-5B03C56C0F98}.Release|Any CPU.ActiveCfg = Release|Any CPU
		{AAD2A684-D53C-4EE6-874F-5B03C56C0F98}.Release|Any CPU.Build.0 = Release|Any CPU
		{AAD2A684-D53C-4EE6-874F-5B03C56C0F98}.Release|Mixed Platforms.ActiveCfg = Release|Any CPU
		{AAD2A684-D53C-4EE6-874F-5B03C56C0F98}.Release|Mixed Platforms.Build.0 = Release|Any CPU
		{AAD2A684-D53C-4EE6-874F-5B03C56C0F98}.Release|x86.ActiveCfg = Release|Any CPU
	EndGlobalSection
	GlobalSection(SolutionProperties) = preSolution
		HideSolutionNode = FALSE
	EndGlobalSection
EndGlobal
